// !$*UTF8*$!
{
	archiveVersion = 1;
	classes = {
	};
	objectVersion = 55;
	objects = {

/* Begin PBXBuildFile section */
		292B223927FCCE4B00BE4361 /* enigma-game WatchKit App.app in Embed Watch Content */ = {isa = PBXBuildFile; fileRef = 292B223827FCCE4B00BE4361 /* enigma-game WatchKit App.app */; settings = {ATTRIBUTES = (RemoveHeadersOnCopy, ); }; };
		292B223E27FCCE4D00BE4361 /* Assets.xcassets in Resources */ = {isa = PBXBuildFile; fileRef = 292B223D27FCCE4D00BE4361 /* Assets.xcassets */; };
		292B224427FCCE4E00BE4361 /* enigma-game WatchKit Extension.appex in Embed App Extensions */ = {isa = PBXBuildFile; fileRef = 292B224327FCCE4E00BE4361 /* enigma-game WatchKit Extension.appex */; settings = {ATTRIBUTES = (RemoveHeadersOnCopy, ); }; };
		292B224927FCCE4E00BE4361 /* enigma_gameApp.swift in Sources */ = {isa = PBXBuildFile; fileRef = 292B224827FCCE4E00BE4361 /* enigma_gameApp.swift */; };
		292B224D27FCCE4E00BE4361 /* NotificationController.swift in Sources */ = {isa = PBXBuildFile; fileRef = 292B224C27FCCE4E00BE4361 /* NotificationController.swift */; };
		292B224F27FCCE4E00BE4361 /* NotificationView.swift in Sources */ = {isa = PBXBuildFile; fileRef = 292B224E27FCCE4E00BE4361 /* NotificationView.swift */; };
		292B225127FCCE4E00BE4361 /* ComplicationController.swift in Sources */ = {isa = PBXBuildFile; fileRef = 292B225027FCCE4E00BE4361 /* ComplicationController.swift */; };
		292B225327FCCE4F00BE4361 /* Assets.xcassets in Resources */ = {isa = PBXBuildFile; fileRef = 292B225227FCCE4F00BE4361 /* Assets.xcassets */; };
		292B225627FCCE4F00BE4361 /* Preview Assets.xcassets in Resources */ = {isa = PBXBuildFile; fileRef = 292B225527FCCE4F00BE4361 /* Preview Assets.xcassets */; };
		292B226927FCD03A00BE4361 /* GameView.swift in Sources */ = {isa = PBXBuildFile; fileRef = 292B226827FCD03A00BE4361 /* GameView.swift */; };
		292B226B27FCD0A300BE4361 /* Game.swift in Sources */ = {isa = PBXBuildFile; fileRef = 292B226A27FCD0A300BE4361 /* Game.swift */; };
		292B226D27FCD1FE00BE4361 /* PickerView.swift in Sources */ = {isa = PBXBuildFile; fileRef = 292B226C27FCD1FE00BE4361 /* PickerView.swift */; };
		292B227027FCD25E00BE4361 /* View+Extensions.swift in Sources */ = {isa = PBXBuildFile; fileRef = 292B226F27FCD25E00BE4361 /* View+Extensions.swift */; };
		292B227227FCD5CF00BE4361 /* PuzzleOptionView.swift in Sources */ = {isa = PBXBuildFile; fileRef = 292B227127FCD5CF00BE4361 /* PuzzleOptionView.swift */; };
		292B227427FDFF4100BE4361 /* PuzzleOptionView+Extensions.swift in Sources */ = {isa = PBXBuildFile; fileRef = 292B227327FDFF4100BE4361 /* PuzzleOptionView+Extensions.swift */; };
		292B227627FE080100BE4361 /* StatusView.swift in Sources */ = {isa = PBXBuildFile; fileRef = 292B227527FE080100BE4361 /* StatusView.swift */; };
		292B227827FE13BF00BE4361 /* GameView+Extensions.swift in Sources */ = {isa = PBXBuildFile; fileRef = 292B227727FE13BF00BE4361 /* GameView+Extensions.swift */; };
		292B227A27FE298400BE4361 /* PickerView+Extensions.swift in Sources */ = {isa = PBXBuildFile; fileRef = 292B227927FE298400BE4361 /* PickerView+Extensions.swift */; };
		E0692A4A27FE3ED20036FA20 /* EndGameView.swift in Sources */ = {isa = PBXBuildFile; fileRef = E0692A4927FE3ED20036FA20 /* EndGameView.swift */; };
		E0692A4C27FE515B0036FA20 /* ViewRouter.swift in Sources */ = {isa = PBXBuildFile; fileRef = E0692A4B27FE515A0036FA20 /* ViewRouter.swift */; };
		E0692A4E27FE51B00036FA20 /* Helper.swift in Sources */ = {isa = PBXBuildFile; fileRef = E0692A4D27FE51B00036FA20 /* Helper.swift */; };
		E0692A5027FE52A10036FA20 /* MotherView.swift in Sources */ = {isa = PBXBuildFile; fileRef = E0692A4F27FE52A10036FA20 /* MotherView.swift */; };
/* End PBXBuildFile section */

/* Begin PBXContainerItemProxy section */
		292B223A27FCCE4B00BE4361 /* PBXContainerItemProxy */ = {
			isa = PBXContainerItemProxy;
			containerPortal = 292B222E27FCCE4B00BE4361 /* Project object */;
			proxyType = 1;
			remoteGlobalIDString = 292B223727FCCE4B00BE4361;
			remoteInfo = "enigma-game WatchKit App";
		};
		292B224527FCCE4E00BE4361 /* PBXContainerItemProxy */ = {
			isa = PBXContainerItemProxy;
			containerPortal = 292B222E27FCCE4B00BE4361 /* Project object */;
			proxyType = 1;
			remoteGlobalIDString = 292B224227FCCE4E00BE4361;
			remoteInfo = "enigma-game WatchKit Extension";
		};
/* End PBXContainerItemProxy section */

/* Begin PBXCopyFilesBuildPhase section */
		292B225E27FCCE4F00BE4361 /* Embed App Extensions */ = {
			isa = PBXCopyFilesBuildPhase;
			buildActionMask = 2147483647;
			dstPath = "";
			dstSubfolderSpec = 13;
			files = (
				292B224427FCCE4E00BE4361 /* enigma-game WatchKit Extension.appex in Embed App Extensions */,
			);
			name = "Embed App Extensions";
			runOnlyForDeploymentPostprocessing = 0;
		};
		292B226227FCCE4F00BE4361 /* Embed Watch Content */ = {
			isa = PBXCopyFilesBuildPhase;
			buildActionMask = 2147483647;
			dstPath = "$(CONTENTS_FOLDER_PATH)/Watch";
			dstSubfolderSpec = 16;
			files = (
				292B223927FCCE4B00BE4361 /* enigma-game WatchKit App.app in Embed Watch Content */,
			);
			name = "Embed Watch Content";
			runOnlyForDeploymentPostprocessing = 0;
		};
/* End PBXCopyFilesBuildPhase section */

/* Begin PBXFileReference section */
		292B223427FCCE4B00BE4361 /* enigma-game.app */ = {isa = PBXFileReference; explicitFileType = wrapper.application; includeInIndex = 0; path = "enigma-game.app"; sourceTree = BUILT_PRODUCTS_DIR; };
		292B223827FCCE4B00BE4361 /* enigma-game WatchKit App.app */ = {isa = PBXFileReference; explicitFileType = wrapper.application; includeInIndex = 0; path = "enigma-game WatchKit App.app"; sourceTree = BUILT_PRODUCTS_DIR; };
		292B223D27FCCE4D00BE4361 /* Assets.xcassets */ = {isa = PBXFileReference; lastKnownFileType = folder.assetcatalog; path = Assets.xcassets; sourceTree = "<group>"; };
		292B224327FCCE4E00BE4361 /* enigma-game WatchKit Extension.appex */ = {isa = PBXFileReference; explicitFileType = "wrapper.app-extension"; includeInIndex = 0; path = "enigma-game WatchKit Extension.appex"; sourceTree = BUILT_PRODUCTS_DIR; };
		292B224827FCCE4E00BE4361 /* enigma_gameApp.swift */ = {isa = PBXFileReference; lastKnownFileType = sourcecode.swift; path = enigma_gameApp.swift; sourceTree = "<group>"; };
		292B224C27FCCE4E00BE4361 /* NotificationController.swift */ = {isa = PBXFileReference; lastKnownFileType = sourcecode.swift; path = NotificationController.swift; sourceTree = "<group>"; };
		292B224E27FCCE4E00BE4361 /* NotificationView.swift */ = {isa = PBXFileReference; lastKnownFileType = sourcecode.swift; path = NotificationView.swift; sourceTree = "<group>"; };
		292B225027FCCE4E00BE4361 /* ComplicationController.swift */ = {isa = PBXFileReference; lastKnownFileType = sourcecode.swift; path = ComplicationController.swift; sourceTree = "<group>"; };
		292B225227FCCE4F00BE4361 /* Assets.xcassets */ = {isa = PBXFileReference; lastKnownFileType = folder.assetcatalog; path = Assets.xcassets; sourceTree = "<group>"; };
		292B225527FCCE4F00BE4361 /* Preview Assets.xcassets */ = {isa = PBXFileReference; lastKnownFileType = folder.assetcatalog; path = "Preview Assets.xcassets"; sourceTree = "<group>"; };
		292B225727FCCE4F00BE4361 /* Info.plist */ = {isa = PBXFileReference; lastKnownFileType = text.plist.xml; path = Info.plist; sourceTree = "<group>"; };
		292B225827FCCE4F00BE4361 /* PushNotificationPayload.apns */ = {isa = PBXFileReference; lastKnownFileType = text; path = PushNotificationPayload.apns; sourceTree = "<group>"; };
		292B226827FCD03A00BE4361 /* GameView.swift */ = {isa = PBXFileReference; lastKnownFileType = sourcecode.swift; path = GameView.swift; sourceTree = "<group>"; };
		292B226A27FCD0A300BE4361 /* Game.swift */ = {isa = PBXFileReference; lastKnownFileType = sourcecode.swift; path = Game.swift; sourceTree = "<group>"; };
		292B226C27FCD1FE00BE4361 /* PickerView.swift */ = {isa = PBXFileReference; lastKnownFileType = sourcecode.swift; path = PickerView.swift; sourceTree = "<group>"; };
		292B226F27FCD25E00BE4361 /* View+Extensions.swift */ = {isa = PBXFileReference; lastKnownFileType = sourcecode.swift; path = "View+Extensions.swift"; sourceTree = "<group>"; };
		292B227127FCD5CF00BE4361 /* PuzzleOptionView.swift */ = {isa = PBXFileReference; lastKnownFileType = sourcecode.swift; path = PuzzleOptionView.swift; sourceTree = "<group>"; };
		292B227327FDFF4100BE4361 /* PuzzleOptionView+Extensions.swift */ = {isa = PBXFileReference; lastKnownFileType = sourcecode.swift; path = "PuzzleOptionView+Extensions.swift"; sourceTree = "<group>"; };
		292B227527FE080100BE4361 /* StatusView.swift */ = {isa = PBXFileReference; lastKnownFileType = sourcecode.swift; path = StatusView.swift; sourceTree = "<group>"; };
		292B227727FE13BF00BE4361 /* GameView+Extensions.swift */ = {isa = PBXFileReference; lastKnownFileType = sourcecode.swift; path = "GameView+Extensions.swift"; sourceTree = "<group>"; };
		292B227927FE298400BE4361 /* PickerView+Extensions.swift */ = {isa = PBXFileReference; lastKnownFileType = sourcecode.swift; path = "PickerView+Extensions.swift"; sourceTree = "<group>"; };
		E0692A4927FE3ED20036FA20 /* EndGameView.swift */ = {isa = PBXFileReference; lastKnownFileType = sourcecode.swift; path = EndGameView.swift; sourceTree = "<group>"; };
		E0692A4B27FE515A0036FA20 /* ViewRouter.swift */ = {isa = PBXFileReference; lastKnownFileType = sourcecode.swift; path = ViewRouter.swift; sourceTree = "<group>"; };
		E0692A4D27FE51B00036FA20 /* Helper.swift */ = {isa = PBXFileReference; lastKnownFileType = sourcecode.swift; path = Helper.swift; sourceTree = "<group>"; };
		E0692A4F27FE52A10036FA20 /* MotherView.swift */ = {isa = PBXFileReference; lastKnownFileType = sourcecode.swift; path = MotherView.swift; sourceTree = "<group>"; };
/* End PBXFileReference section */

/* Begin PBXFrameworksBuildPhase section */
		292B224027FCCE4E00BE4361 /* Frameworks */ = {
			isa = PBXFrameworksBuildPhase;
			buildActionMask = 2147483647;
			files = (
			);
			runOnlyForDeploymentPostprocessing = 0;
		};
/* End PBXFrameworksBuildPhase section */

/* Begin PBXGroup section */
		292B222D27FCCE4B00BE4361 = {
			isa = PBXGroup;
			children = (
				292B223C27FCCE4B00BE4361 /* enigma-game WatchKit App */,
				292B224727FCCE4E00BE4361 /* enigma-game WatchKit Extension */,
				292B223527FCCE4B00BE4361 /* Products */,
			);
			sourceTree = "<group>";
		};
		292B223527FCCE4B00BE4361 /* Products */ = {
			isa = PBXGroup;
			children = (
				292B223427FCCE4B00BE4361 /* enigma-game.app */,
				292B223827FCCE4B00BE4361 /* enigma-game WatchKit App.app */,
				292B224327FCCE4E00BE4361 /* enigma-game WatchKit Extension.appex */,
			);
			name = Products;
			sourceTree = "<group>";
		};
		292B223C27FCCE4B00BE4361 /* enigma-game WatchKit App */ = {
			isa = PBXGroup;
			children = (
				292B223D27FCCE4D00BE4361 /* Assets.xcassets */,
			);
			path = "enigma-game WatchKit App";
			sourceTree = "<group>";
		};
		292B224727FCCE4E00BE4361 /* enigma-game WatchKit Extension */ = {
			isa = PBXGroup;
			children = (
				292B226E27FCD22600BE4361 /* Miscellaneous */,
				292B226727FCD01200BE4361 /* Model */,
				292B226627FCD00900BE4361 /* Views */,
				292B224827FCCE4E00BE4361 /* enigma_gameApp.swift */,
				292B224C27FCCE4E00BE4361 /* NotificationController.swift */,
				292B224E27FCCE4E00BE4361 /* NotificationView.swift */,
				292B225027FCCE4E00BE4361 /* ComplicationController.swift */,
				292B225227FCCE4F00BE4361 /* Assets.xcassets */,
				292B225727FCCE4F00BE4361 /* Info.plist */,
				292B225827FCCE4F00BE4361 /* PushNotificationPayload.apns */,
				292B225427FCCE4F00BE4361 /* Preview Content */,
			);
			path = "enigma-game WatchKit Extension";
			sourceTree = "<group>";
		};
		292B225427FCCE4F00BE4361 /* Preview Content */ = {
			isa = PBXGroup;
			children = (
				292B225527FCCE4F00BE4361 /* Preview Assets.xcassets */,
			);
			path = "Preview Content";
			sourceTree = "<group>";
		};
		292B226627FCD00900BE4361 /* Views */ = {
			isa = PBXGroup;
			children = (
				292B226827FCD03A00BE4361 /* GameView.swift */,
				292B226C27FCD1FE00BE4361 /* PickerView.swift */,
				292B227127FCD5CF00BE4361 /* PuzzleOptionView.swift */,
				292B227527FE080100BE4361 /* StatusView.swift */,
				E0692A4927FE3ED20036FA20 /* EndGameView.swift */,
				E0692A4F27FE52A10036FA20 /* MotherView.swift */,
			);
			path = Views;
			sourceTree = "<group>";
		};
		292B226727FCD01200BE4361 /* Model */ = {
			isa = PBXGroup;
			children = (
				292B226A27FCD0A300BE4361 /* Game.swift */,
			);
			path = Model;
			sourceTree = "<group>";
		};
		292B226E27FCD22600BE4361 /* Miscellaneous */ = {
			isa = PBXGroup;
			children = (
				292B226F27FCD25E00BE4361 /* View+Extensions.swift */,
				292B227327FDFF4100BE4361 /* PuzzleOptionView+Extensions.swift */,
				292B227727FE13BF00BE4361 /* GameView+Extensions.swift */,
				292B227927FE298400BE4361 /* PickerView+Extensions.swift */,
				E0692A4D27FE51B00036FA20 /* Helper.swift */,
				E0692A4B27FE515A0036FA20 /* ViewRouter.swift */,
			);
			path = Miscellaneous;
			sourceTree = "<group>";
		};
/* End PBXGroup section */

/* Begin PBXNativeTarget section */
		292B223327FCCE4B00BE4361 /* enigma-game */ = {
			isa = PBXNativeTarget;
			buildConfigurationList = 292B226327FCCE4F00BE4361 /* Build configuration list for PBXNativeTarget "enigma-game" */;
			buildPhases = (
				292B223227FCCE4B00BE4361 /* Resources */,
				292B226227FCCE4F00BE4361 /* Embed Watch Content */,
			);
			buildRules = (
			);
			dependencies = (
				292B223B27FCCE4B00BE4361 /* PBXTargetDependency */,
			);
			name = "enigma-game";
			productName = "enigma-game";
			productReference = 292B223427FCCE4B00BE4361 /* enigma-game.app */;
			productType = "com.apple.product-type.application.watchapp2-container";
		};
		292B223727FCCE4B00BE4361 /* enigma-game WatchKit App */ = {
			isa = PBXNativeTarget;
			buildConfigurationList = 292B225F27FCCE4F00BE4361 /* Build configuration list for PBXNativeTarget "enigma-game WatchKit App" */;
			buildPhases = (
				292B223627FCCE4B00BE4361 /* Resources */,
				292B225E27FCCE4F00BE4361 /* Embed App Extensions */,
			);
			buildRules = (
			);
			dependencies = (
				292B224627FCCE4E00BE4361 /* PBXTargetDependency */,
			);
			name = "enigma-game WatchKit App";
			productName = "enigma-game WatchKit App";
			productReference = 292B223827FCCE4B00BE4361 /* enigma-game WatchKit App.app */;
			productType = "com.apple.product-type.application.watchapp2";
		};
		292B224227FCCE4E00BE4361 /* enigma-game WatchKit Extension */ = {
			isa = PBXNativeTarget;
			buildConfigurationList = 292B225B27FCCE4F00BE4361 /* Build configuration list for PBXNativeTarget "enigma-game WatchKit Extension" */;
			buildPhases = (
				292B223F27FCCE4E00BE4361 /* Sources */,
				292B224027FCCE4E00BE4361 /* Frameworks */,
				292B224127FCCE4E00BE4361 /* Resources */,
			);
			buildRules = (
			);
			dependencies = (
			);
			name = "enigma-game WatchKit Extension";
			productName = "enigma-game WatchKit Extension";
			productReference = 292B224327FCCE4E00BE4361 /* enigma-game WatchKit Extension.appex */;
			productType = "com.apple.product-type.watchkit2-extension";
		};
/* End PBXNativeTarget section */

/* Begin PBXProject section */
		292B222E27FCCE4B00BE4361 /* Project object */ = {
			isa = PBXProject;
			attributes = {
				BuildIndependentTargetsInParallel = 1;
				LastSwiftUpdateCheck = 1320;
				LastUpgradeCheck = 1320;
				TargetAttributes = {
					292B223327FCCE4B00BE4361 = {
						CreatedOnToolsVersion = 13.2.1;
					};
					292B223727FCCE4B00BE4361 = {
						CreatedOnToolsVersion = 13.2.1;
					};
					292B224227FCCE4E00BE4361 = {
						CreatedOnToolsVersion = 13.2.1;
					};
				};
			};
			buildConfigurationList = 292B223127FCCE4B00BE4361 /* Build configuration list for PBXProject "enigma-game" */;
			compatibilityVersion = "Xcode 13.0";
			developmentRegion = en;
			hasScannedForEncodings = 0;
			knownRegions = (
				en,
				Base,
			);
			mainGroup = 292B222D27FCCE4B00BE4361;
			productRefGroup = 292B223527FCCE4B00BE4361 /* Products */;
			projectDirPath = "";
			projectRoot = "";
			targets = (
				292B223327FCCE4B00BE4361 /* enigma-game */,
				292B223727FCCE4B00BE4361 /* enigma-game WatchKit App */,
				292B224227FCCE4E00BE4361 /* enigma-game WatchKit Extension */,
			);
		};
/* End PBXProject section */

/* Begin PBXResourcesBuildPhase section */
		292B223227FCCE4B00BE4361 /* Resources */ = {
			isa = PBXResourcesBuildPhase;
			buildActionMask = 2147483647;
			files = (
			);
			runOnlyForDeploymentPostprocessing = 0;
		};
		292B223627FCCE4B00BE4361 /* Resources */ = {
			isa = PBXResourcesBuildPhase;
			buildActionMask = 2147483647;
			files = (
				292B223E27FCCE4D00BE4361 /* Assets.xcassets in Resources */,
			);
			runOnlyForDeploymentPostprocessing = 0;
		};
		292B224127FCCE4E00BE4361 /* Resources */ = {
			isa = PBXResourcesBuildPhase;
			buildActionMask = 2147483647;
			files = (
				292B225627FCCE4F00BE4361 /* Preview Assets.xcassets in Resources */,
				292B225327FCCE4F00BE4361 /* Assets.xcassets in Resources */,
			);
			runOnlyForDeploymentPostprocessing = 0;
		};
/* End PBXResourcesBuildPhase section */

/* Begin PBXSourcesBuildPhase section */
		292B223F27FCCE4E00BE4361 /* Sources */ = {
			isa = PBXSourcesBuildPhase;
			buildActionMask = 2147483647;
			files = (
				E0692A4C27FE515B0036FA20 /* ViewRouter.swift in Sources */,
				292B224D27FCCE4E00BE4361 /* NotificationController.swift in Sources */,
				292B226B27FCD0A300BE4361 /* Game.swift in Sources */,
				292B227627FE080100BE4361 /* StatusView.swift in Sources */,
				292B226927FCD03A00BE4361 /* GameView.swift in Sources */,
				292B225127FCCE4E00BE4361 /* ComplicationController.swift in Sources */,
				292B224927FCCE4E00BE4361 /* enigma_gameApp.swift in Sources */,
				E0692A4E27FE51B00036FA20 /* Helper.swift in Sources */,
				E0692A4A27FE3ED20036FA20 /* EndGameView.swift in Sources */,
				E0692A5027FE52A10036FA20 /* MotherView.swift in Sources */,
				292B227427FDFF4100BE4361 /* PuzzleOptionView+Extensions.swift in Sources */,
				292B226D27FCD1FE00BE4361 /* PickerView.swift in Sources */,
				292B227827FE13BF00BE4361 /* GameView+Extensions.swift in Sources */,
				292B227A27FE298400BE4361 /* PickerView+Extensions.swift in Sources */,
				292B227027FCD25E00BE4361 /* View+Extensions.swift in Sources */,
				292B227227FCD5CF00BE4361 /* PuzzleOptionView.swift in Sources */,
				292B224F27FCCE4E00BE4361 /* NotificationView.swift in Sources */,
			);
			runOnlyForDeploymentPostprocessing = 0;
		};
/* End PBXSourcesBuildPhase section */

/* Begin PBXTargetDependency section */
		292B223B27FCCE4B00BE4361 /* PBXTargetDependency */ = {
			isa = PBXTargetDependency;
			target = 292B223727FCCE4B00BE4361 /* enigma-game WatchKit App */;
			targetProxy = 292B223A27FCCE4B00BE4361 /* PBXContainerItemProxy */;
		};
		292B224627FCCE4E00BE4361 /* PBXTargetDependency */ = {
			isa = PBXTargetDependency;
			target = 292B224227FCCE4E00BE4361 /* enigma-game WatchKit Extension */;
			targetProxy = 292B224527FCCE4E00BE4361 /* PBXContainerItemProxy */;
		};
/* End PBXTargetDependency section */

/* Begin XCBuildConfiguration section */
		292B225927FCCE4F00BE4361 /* Debug */ = {
			isa = XCBuildConfiguration;
			buildSettings = {
				ALWAYS_SEARCH_USER_PATHS = NO;
				CLANG_ANALYZER_NONNULL = YES;
				CLANG_ANALYZER_NUMBER_OBJECT_CONVERSION = YES_AGGRESSIVE;
				CLANG_CXX_LANGUAGE_STANDARD = "gnu++17";
				CLANG_CXX_LIBRARY = "libc++";
				CLANG_ENABLE_MODULES = YES;
				CLANG_ENABLE_OBJC_ARC = YES;
				CLANG_ENABLE_OBJC_WEAK = YES;
				CLANG_WARN_BLOCK_CAPTURE_AUTORELEASING = YES;
				CLANG_WARN_BOOL_CONVERSION = YES;
				CLANG_WARN_COMMA = YES;
				CLANG_WARN_CONSTANT_CONVERSION = YES;
				CLANG_WARN_DEPRECATED_OBJC_IMPLEMENTATIONS = YES;
				CLANG_WARN_DIRECT_OBJC_ISA_USAGE = YES_ERROR;
				CLANG_WARN_DOCUMENTATION_COMMENTS = YES;
				CLANG_WARN_EMPTY_BODY = YES;
				CLANG_WARN_ENUM_CONVERSION = YES;
				CLANG_WARN_INFINITE_RECURSION = YES;
				CLANG_WARN_INT_CONVERSION = YES;
				CLANG_WARN_NON_LITERAL_NULL_CONVERSION = YES;
				CLANG_WARN_OBJC_IMPLICIT_RETAIN_SELF = YES;
				CLANG_WARN_OBJC_LITERAL_CONVERSION = YES;
				CLANG_WARN_OBJC_ROOT_CLASS = YES_ERROR;
				CLANG_WARN_QUOTED_INCLUDE_IN_FRAMEWORK_HEADER = YES;
				CLANG_WARN_RANGE_LOOP_ANALYSIS = YES;
				CLANG_WARN_STRICT_PROTOTYPES = YES;
				CLANG_WARN_SUSPICIOUS_MOVE = YES;
				CLANG_WARN_UNGUARDED_AVAILABILITY = YES_AGGRESSIVE;
				CLANG_WARN_UNREACHABLE_CODE = YES;
				CLANG_WARN__DUPLICATE_METHOD_MATCH = YES;
				COPY_PHASE_STRIP = NO;
				DEBUG_INFORMATION_FORMAT = dwarf;
				ENABLE_STRICT_OBJC_MSGSEND = YES;
				ENABLE_TESTABILITY = YES;
				GCC_C_LANGUAGE_STANDARD = gnu11;
				GCC_DYNAMIC_NO_PIC = NO;
				GCC_NO_COMMON_BLOCKS = YES;
				GCC_OPTIMIZATION_LEVEL = 0;
				GCC_PREPROCESSOR_DEFINITIONS = (
					"DEBUG=1",
					"$(inherited)",
				);
				GCC_WARN_64_TO_32_BIT_CONVERSION = YES;
				GCC_WARN_ABOUT_RETURN_TYPE = YES_ERROR;
				GCC_WARN_UNDECLARED_SELECTOR = YES;
				GCC_WARN_UNINITIALIZED_AUTOS = YES_AGGRESSIVE;
				GCC_WARN_UNUSED_FUNCTION = YES;
				GCC_WARN_UNUSED_VARIABLE = YES;
				MTL_ENABLE_DEBUG_INFO = INCLUDE_SOURCE;
				MTL_FAST_MATH = YES;
				ONLY_ACTIVE_ARCH = YES;
				SDKROOT = iphoneos;
				SWIFT_ACTIVE_COMPILATION_CONDITIONS = DEBUG;
				SWIFT_OPTIMIZATION_LEVEL = "-Onone";
			};
			name = Debug;
		};
		292B225A27FCCE4F00BE4361 /* Release */ = {
			isa = XCBuildConfiguration;
			buildSettings = {
				ALWAYS_SEARCH_USER_PATHS = NO;
				CLANG_ANALYZER_NONNULL = YES;
				CLANG_ANALYZER_NUMBER_OBJECT_CONVERSION = YES_AGGRESSIVE;
				CLANG_CXX_LANGUAGE_STANDARD = "gnu++17";
				CLANG_CXX_LIBRARY = "libc++";
				CLANG_ENABLE_MODULES = YES;
				CLANG_ENABLE_OBJC_ARC = YES;
				CLANG_ENABLE_OBJC_WEAK = YES;
				CLANG_WARN_BLOCK_CAPTURE_AUTORELEASING = YES;
				CLANG_WARN_BOOL_CONVERSION = YES;
				CLANG_WARN_COMMA = YES;
				CLANG_WARN_CONSTANT_CONVERSION = YES;
				CLANG_WARN_DEPRECATED_OBJC_IMPLEMENTATIONS = YES;
				CLANG_WARN_DIRECT_OBJC_ISA_USAGE = YES_ERROR;
				CLANG_WARN_DOCUMENTATION_COMMENTS = YES;
				CLANG_WARN_EMPTY_BODY = YES;
				CLANG_WARN_ENUM_CONVERSION = YES;
				CLANG_WARN_INFINITE_RECURSION = YES;
				CLANG_WARN_INT_CONVERSION = YES;
				CLANG_WARN_NON_LITERAL_NULL_CONVERSION = YES;
				CLANG_WARN_OBJC_IMPLICIT_RETAIN_SELF = YES;
				CLANG_WARN_OBJC_LITERAL_CONVERSION = YES;
				CLANG_WARN_OBJC_ROOT_CLASS = YES_ERROR;
				CLANG_WARN_QUOTED_INCLUDE_IN_FRAMEWORK_HEADER = YES;
				CLANG_WARN_RANGE_LOOP_ANALYSIS = YES;
				CLANG_WARN_STRICT_PROTOTYPES = YES;
				CLANG_WARN_SUSPICIOUS_MOVE = YES;
				CLANG_WARN_UNGUARDED_AVAILABILITY = YES_AGGRESSIVE;
				CLANG_WARN_UNREACHABLE_CODE = YES;
				CLANG_WARN__DUPLICATE_METHOD_MATCH = YES;
				COPY_PHASE_STRIP = NO;
				DEBUG_INFORMATION_FORMAT = "dwarf-with-dsym";
				ENABLE_NS_ASSERTIONS = NO;
				ENABLE_STRICT_OBJC_MSGSEND = YES;
				GCC_C_LANGUAGE_STANDARD = gnu11;
				GCC_NO_COMMON_BLOCKS = YES;
				GCC_WARN_64_TO_32_BIT_CONVERSION = YES;
				GCC_WARN_ABOUT_RETURN_TYPE = YES_ERROR;
				GCC_WARN_UNDECLARED_SELECTOR = YES;
				GCC_WARN_UNINITIALIZED_AUTOS = YES_AGGRESSIVE;
				GCC_WARN_UNUSED_FUNCTION = YES;
				GCC_WARN_UNUSED_VARIABLE = YES;
				MTL_ENABLE_DEBUG_INFO = NO;
				MTL_FAST_MATH = YES;
				SDKROOT = iphoneos;
				SWIFT_COMPILATION_MODE = wholemodule;
				SWIFT_OPTIMIZATION_LEVEL = "-O";
				VALIDATE_PRODUCT = YES;
			};
			name = Release;
		};
		292B225C27FCCE4F00BE4361 /* Debug */ = {
			isa = XCBuildConfiguration;
			buildSettings = {
				ASSETCATALOG_COMPILER_COMPLICATION_NAME = Complication;
				CODE_SIGN_STYLE = Automatic;
				CURRENT_PROJECT_VERSION = 1;
				DEVELOPMENT_ASSET_PATHS = "\"enigma-game WatchKit Extension/Preview Content\"";
				DEVELOPMENT_TEAM = 42978H3GP3;
				ENABLE_PREVIEWS = YES;
				GENERATE_INFOPLIST_FILE = YES;
				INFOPLIST_FILE = "enigma-game WatchKit Extension/Info.plist";
				INFOPLIST_KEY_CFBundleDisplayName = "enigma-game WatchKit Extension";
				INFOPLIST_KEY_CLKComplicationPrincipalClass = "$(PRODUCT_MODULE_NAME).ComplicationController";
				INFOPLIST_KEY_NSHumanReadableCopyright = "";
				INFOPLIST_KEY_WKWatchOnly = YES;
				LD_RUNPATH_SEARCH_PATHS = (
					"$(inherited)",
					"@executable_path/Frameworks",
					"@executable_path/../../Frameworks",
				);
				MARKETING_VERSION = 1.0;
				PRODUCT_BUNDLE_IDENTIFIER = "com.giovanni.enigma-game.watchkitapp.watchkitextension";
				PRODUCT_NAME = "${TARGET_NAME}";
				SDKROOT = watchos;
				SKIP_INSTALL = YES;
				SWIFT_EMIT_LOC_STRINGS = YES;
				SWIFT_VERSION = 5.0;
				TARGETED_DEVICE_FAMILY = 4;
				WATCHOS_DEPLOYMENT_TARGET = 8.3;
			};
			name = Debug;
		};
		292B225D27FCCE4F00BE4361 /* Release */ = {
			isa = XCBuildConfiguration;
			buildSettings = {
				ASSETCATALOG_COMPILER_COMPLICATION_NAME = Complication;
				CODE_SIGN_STYLE = Automatic;
				CURRENT_PROJECT_VERSION = 1;
				DEVELOPMENT_ASSET_PATHS = "\"enigma-game WatchKit Extension/Preview Content\"";
				DEVELOPMENT_TEAM = 42978H3GP3;
				ENABLE_PREVIEWS = YES;
				GENERATE_INFOPLIST_FILE = YES;
				INFOPLIST_FILE = "enigma-game WatchKit Extension/Info.plist";
				INFOPLIST_KEY_CFBundleDisplayName = "enigma-game WatchKit Extension";
				INFOPLIST_KEY_CLKComplicationPrincipalClass = "$(PRODUCT_MODULE_NAME).ComplicationController";
				INFOPLIST_KEY_NSHumanReadableCopyright = "";
				INFOPLIST_KEY_WKWatchOnly = YES;
				LD_RUNPATH_SEARCH_PATHS = (
					"$(inherited)",
					"@executable_path/Frameworks",
					"@executable_path/../../Frameworks",
				);
				MARKETING_VERSION = 1.0;
				PRODUCT_BUNDLE_IDENTIFIER = "com.giovanni.enigma-game.watchkitapp.watchkitextension";
				PRODUCT_NAME = "${TARGET_NAME}";
				SDKROOT = watchos;
				SKIP_INSTALL = YES;
				SWIFT_EMIT_LOC_STRINGS = YES;
				SWIFT_VERSION = 5.0;
				TARGETED_DEVICE_FAMILY = 4;
				WATCHOS_DEPLOYMENT_TARGET = 8.3;
			};
			name = Release;
		};
		292B226027FCCE4F00BE4361 /* Debug */ = {
			isa = XCBuildConfiguration;
			buildSettings = {
				ALWAYS_EMBED_SWIFT_STANDARD_LIBRARIES = YES;
				ASSETCATALOG_COMPILER_APPICON_NAME = AppIcon;
				ASSETCATALOG_COMPILER_GLOBAL_ACCENT_COLOR_NAME = AccentColor;
				CODE_SIGN_STYLE = Automatic;
				CURRENT_PROJECT_VERSION = 1;
				DEVELOPMENT_TEAM = 42978H3GP3;
				GENERATE_INFOPLIST_FILE = YES;
				IBSC_MODULE = enigma_game_WatchKit_Extension;
				INFOPLIST_KEY_CFBundleDisplayName = "enigma-game WatchKit App";
				INFOPLIST_KEY_UISupportedInterfaceOrientations = "UIInterfaceOrientationPortrait UIInterfaceOrientationPortraitUpsideDown";
				MARKETING_VERSION = 1.0;
				PRODUCT_BUNDLE_IDENTIFIER = "com.giovanni.enigma-game.watchkitapp";
				PRODUCT_NAME = "$(TARGET_NAME)";
				SDKROOT = watchos;
				SKIP_INSTALL = YES;
				SWIFT_EMIT_LOC_STRINGS = YES;
				SWIFT_VERSION = 5.0;
				TARGETED_DEVICE_FAMILY = 4;
				WATCHOS_DEPLOYMENT_TARGET = 8.3;
			};
			name = Debug;
		};
		292B226127FCCE4F00BE4361 /* Release */ = {
			isa = XCBuildConfiguration;
			buildSettings = {
				ALWAYS_EMBED_SWIFT_STANDARD_LIBRARIES = YES;
				ASSETCATALOG_COMPILER_APPICON_NAME = AppIcon;
				ASSETCATALOG_COMPILER_GLOBAL_ACCENT_COLOR_NAME = AccentColor;
				CODE_SIGN_STYLE = Automatic;
				CURRENT_PROJECT_VERSION = 1;
				DEVELOPMENT_TEAM = 42978H3GP3;
				GENERATE_INFOPLIST_FILE = YES;
				IBSC_MODULE = enigma_game_WatchKit_Extension;
				INFOPLIST_KEY_CFBundleDisplayName = "enigma-game WatchKit App";
				INFOPLIST_KEY_UISupportedInterfaceOrientations = "UIInterfaceOrientationPortrait UIInterfaceOrientationPortraitUpsideDown";
				MARKETING_VERSION = 1.0;
				PRODUCT_BUNDLE_IDENTIFIER = "com.giovanni.enigma-game.watchkitapp";
				PRODUCT_NAME = "$(TARGET_NAME)";
				SDKROOT = watchos;
				SKIP_INSTALL = YES;
				SWIFT_EMIT_LOC_STRINGS = YES;
				SWIFT_VERSION = 5.0;
				TARGETED_DEVICE_FAMILY = 4;
				WATCHOS_DEPLOYMENT_TARGET = 8.3;
			};
			name = Release;
		};
		292B226427FCCE4F00BE4361 /* Debug */ = {
			isa = XCBuildConfiguration;
			buildSettings = {
				CODE_SIGN_STYLE = Automatic;
				CURRENT_PROJECT_VERSION = 1;
				DEVELOPMENT_TEAM = 42978H3GP3;
				MARKETING_VERSION = 1.0;
				PRODUCT_BUNDLE_IDENTIFIER = "com.giovanni.enigma-game";
				PRODUCT_NAME = "$(TARGET_NAME)";
				SWIFT_VERSION = 5.0;
			};
			name = Debug;
		};
		292B226527FCCE4F00BE4361 /* Release */ = {
			isa = XCBuildConfiguration;
			buildSettings = {
				CODE_SIGN_STYLE = Automatic;
				CURRENT_PROJECT_VERSION = 1;
				DEVELOPMENT_TEAM = 42978H3GP3;
				MARKETING_VERSION = 1.0;
				PRODUCT_BUNDLE_IDENTIFIER = "com.giovanni.enigma-game";
				PRODUCT_NAME = "$(TARGET_NAME)";
				SWIFT_VERSION = 5.0;
			};
			name = Release;
		};
/* End XCBuildConfiguration section */

/* Begin XCConfigurationList section */
		292B223127FCCE4B00BE4361 /* Build configuration list for PBXProject "enigma-game" */ = {
			isa = XCConfigurationList;
			buildConfigurations = (
				292B225927FCCE4F00BE4361 /* Debug */,
				292B225A27FCCE4F00BE4361 /* Release */,
			);
			defaultConfigurationIsVisible = 0;
			defaultConfigurationName = Release;
		};
		292B225B27FCCE4F00BE4361 /* Build configuration list for PBXNativeTarget "enigma-game WatchKit Extension" */ = {
			isa = XCConfigurationList;
			buildConfigurations = (
				292B225C27FCCE4F00BE4361 /* Debug */,
				292B225D27FCCE4F00BE4361 /* Release */,
			);
			defaultConfigurationIsVisible = 0;
			defaultConfigurationName = Release;
		};
		292B225F27FCCE4F00BE4361 /* Build configuration list for PBXNativeTarget "enigma-game WatchKit App" */ = {
			isa = XCConfigurationList;
			buildConfigurations = (
				292B226027FCCE4F00BE4361 /* Debug */,
				292B226127FCCE4F00BE4361 /* Release */,
			);
			defaultConfigurationIsVisible = 0;
			defaultConfigurationName = Release;
		};
		292B226327FCCE4F00BE4361 /* Build configuration list for PBXNativeTarget "enigma-game" */ = {
			isa = XCConfigurationList;
			buildConfigurations = (
				292B226427FCCE4F00BE4361 /* Debug */,
				292B226527FCCE4F00BE4361 /* Release */,
			);
			defaultConfigurationIsVisible = 0;
			defaultConfigurationName = Release;
		};
/* End XCConfigurationList section */
	};
	rootObject = 292B222E27FCCE4B00BE4361 /* Project object */;
}
